
Microsoft Visual Studio Solution File, Format Version 12.00
# Visual Studio Version 17
VisualStudioVersion = 17.7.34202.233
MinimumVisualStudioVersion = 10.0.40219.1
Project("{2150E333-8FDC-42A3-9474-1A3956D46DE8}") = "Solution Items", "Solution Items", "{74B53000-219D-4659-8BF4-655D8BB74A44}"
	ProjectSection(SolutionItems) = preProject
		.gitignore = .gitignore
		SlippiJS\nuget.config = SlippiJS\nuget.config
		README.md = README.md
	EndProjectSection
EndProject
Project("{9A19103F-16F7-4668-BE54-9A1E7A4F7556}") = "NamedPipeAPI", "NamedPipeAPI\NamedPipeAPI.csproj", "{8F00CAAA-DB47-4E19-852B-A36F7EC7E507}"
EndProject
Project("{54A90642-561A-4BB1-A94E-469ADEE60C69}") = "SlippiJS", "SlippiJS\SlippiJS.esproj", "{DAE30CF6-83DA-4609-B974-66D2476178DF}"
EndProject
Project("{9A19103F-16F7-4668-BE54-9A1E7A4F7556}") = "CSharpMain", "CSharpMain\CSharpMain.csproj", "{0835FA30-5F2B-4865-8F9A-A528DB4874FA}"
EndProject
Project("{9A19103F-16F7-4668-BE54-9A1E7A4F7556}") = "CSharpParser", "CSharpParser\CSharpParser.csproj", "{06C074DF-DA9A-42AE-8589-377F50BD9E4E}"
EndProject
Project("{FAE04EC0-301F-11D3-BF4B-00C04F79EFBC}") = "CSharpTests", "CSharpTests\CSharpTests.csproj", "{FF0F7231-4213-4E93-A54D-A33298223F01}"
EndProject
Global
	GlobalSection(SolutionConfigurationPlatforms) = preSolution
		Debug|Any CPU = Debug|Any CPU
		Release|Any CPU = Release|Any CPU
	EndGlobalSection
	GlobalSection(ProjectConfigurationPlatforms) = postSolution
		{8F00CAAA-DB47-4E19-852B-A36F7EC7E507}.Debug|Any CPU.ActiveCfg = Debug|Any CPU
		{8F00CAAA-DB47-4E19-852B-A36F7EC7E507}.Debug|Any CPU.Build.0 = Debug|Any CPU
		{8F00CAAA-DB47-4E19-852B-A36F7EC7E507}.Release|Any CPU.ActiveCfg = Release|Any CPU
		{8F00CAAA-DB47-4E19-852B-A36F7EC7E507}.Release|Any CPU.Build.0 = Release|Any CPU
		{DAE30CF6-83DA-4609-B974-66D2476178DF}.Debug|Any CPU.ActiveCfg = Debug|Any CPU
		{DAE30CF6-83DA-4609-B974-66D2476178DF}.Debug|Any CPU.Build.0 = Debug|Any CPU
		{DAE30CF6-83DA-4609-B974-66D2476178DF}.Debug|Any CPU.Deploy.0 = Debug|Any CPU
		{DAE30CF6-83DA-4609-B974-66D2476178DF}.Release|Any CPU.ActiveCfg = Release|Any CPU
		{DAE30CF6-83DA-4609-B974-66D2476178DF}.Release|Any CPU.Build.0 = Release|Any CPU
		{DAE30CF6-83DA-4609-B974-66D2476178DF}.Release|Any CPU.Deploy.0 = Release|Any CPU
		{0835FA30-5F2B-4865-8F9A-A528DB4874FA}.Debug|Any CPU.ActiveCfg = Debug|Any CPU
		{0835FA30-5F2B-4865-8F9A-A528DB4874FA}.Debug|Any CPU.Build.0 = Debug|Any CPU
		{0835FA30-5F2B-4865-8F9A-A528DB4874FA}.Release|Any CPU.ActiveCfg = Release|Any CPU
		{0835FA30-5F2B-4865-8F9A-A528DB4874FA}.Release|Any CPU.Build.0 = Release|Any CPU
		{06C074DF-DA9A-42AE-8589-377F50BD9E4E}.Debug|Any CPU.ActiveCfg = Debug|Any CPU
		{06C074DF-DA9A-42AE-8589-377F50BD9E4E}.Debug|Any CPU.Build.0 = Debug|Any CPU
		{06C074DF-DA9A-42AE-8589-377F50BD9E4E}.Release|Any CPU.ActiveCfg = Release|Any CPU
		{06C074DF-DA9A-42AE-8589-377F50BD9E4E}.Release|Any CPU.Build.0 = Release|Any CPU
		{FF0F7231-4213-4E93-A54D-A33298223F01}.Debug|Any CPU.ActiveCfg = Debug|Any CPU
		{FF0F7231-4213-4E93-A54D-A33298223F01}.Debug|Any CPU.Build.0 = Debug|Any CPU
		{FF0F7231-4213-4E93-A54D-A33298223F01}.Release|Any CPU.ActiveCfg = Release|Any CPU
		{FF0F7231-4213-4E93-A54D-A33298223F01}.Release|Any CPU.Build.0 = Release|Any CPU
	EndGlobalSection
	GlobalSection(SolutionProperties) = preSolution
		HideSolutionNode = FALSE
	EndGlobalSection
	GlobalSection(ExtensibilityGlobals) = postSolution
		SolutionGuid = {DF098B93-211A-4714-92BD-66318D5CE56D}
	EndGlobalSection
EndGlobal
